
Microsoft Visual Studio Solution File, Format Version 12.00
# Visual Studio Version 17
VisualStudioVersion = 17.7.34031.279
MinimumVisualStudioVersion = 10.0.40219.1
Project("{FAE04EC0-301F-11D3-BF4B-00C04F79EFBC}") = "ProductManager", "ProductManager.csproj", "{AF950211-A5E7-4C4B-96E2-77E312E0ACD5}"
EndProject
Global
	GlobalSection(SolutionConfigurationPlatforms) = preSolution
		Debug|Any CPU = Debug|Any CPU
		Release|Any CPU = Release|Any CPU
	EndGlobalSection
	GlobalSection(ProjectConfigurationPlatforms) = postSolution
		{AF950211-A5E7-4C4B-96E2-77E312E0ACD5}.Debug|Any CPU.ActiveCfg = Debug|Any CPU
		{AF950211-A5E7-4C4B-96E2-77E312E0ACD5}.Debug|Any CPU.Build.0 = Debug|Any CPU
		{AF950211-A5E7-4C4B-96E2-77E312E0ACD5}.Release|Any CPU.ActiveCfg = Release|Any CPU
		{AF950211-A5E7-4C4B-96E2-77E312E0ACD5}.Release|Any CPU.Build.0 = Release|Any CPU
	EndGlobalSection
	GlobalSection(SolutionProperties) = preSolution
		HideSolutionNode = FALSE
	EndGlobalSection
	GlobalSection(ExtensibilityGlobals) = postSolution
		SolutionGuid = {14EA11BA-32B1-48F7-9284-9CC69F82DA1D}
	EndGlobalSection
EndGlobal
